{
  "nodes": {
    "flake-compat": {
      "flake": false,
      "locked": {
        "lastModified": 1696426674,
        "narHash": "sha256-kvjfFW7WAETZlt09AgDn1MrtKzP7t90Vf7vypd3OL1U=",
        "owner": "edolstra",
        "repo": "flake-compat",
        "rev": "0f9255e01c2351cc7d116c072cb317785dd33b33",
        "type": "github"
      },
      "original": {
        "owner": "edolstra",
        "repo": "flake-compat",
        "type": "github"
      }
    },
    "flake-compat_2": {
      "flake": false,
      "locked": {
        "lastModified": 1696426674,
        "narHash": "sha256-kvjfFW7WAETZlt09AgDn1MrtKzP7t90Vf7vypd3OL1U=",
        "owner": "edolstra",
        "repo": "flake-compat",
        "rev": "0f9255e01c2351cc7d116c072cb317785dd33b33",
        "type": "github"
      },
      "original": {
        "owner": "edolstra",
        "repo": "flake-compat",
        "type": "github"
      }
    },
    "flake-utils": {
      "inputs": {
        "systems": "systems"
      },
      "locked": {
        "lastModified": 1731533236,
        "narHash": "sha256-l0KFg5HjrsfsO/JpG+r7fRrqm12kzFHyUHqHCVpMMbI=",
        "owner": "numtide",
        "repo": "flake-utils",
        "rev": "11707dc2f618dd54ca8739b309ec4fc024de578b",
        "type": "github"
      },
      "original": {
        "owner": "numtide",
        "repo": "flake-utils",
        "type": "github"
      }
    },
    "mkSpagoDerivation": {
      "inputs": {
        "nixpkgs": "nixpkgs",
        "ps-overlay": "ps-overlay",
        "registry": "registry",
        "registry-index": "registry-index"
      },
      "locked": {
        "lastModified": 1746324743,
        "narHash": "sha256-Mbx4l7RiRUPKvdsK+yn7QI08Mk6DoxMFf1iKjoXPznE=",
        "owner": "jeslie0",
        "repo": "mkSpagoDerivation",
        "rev": "ccd751c331a1d7e7e90c50604c870f4e9ed09f79",
        "type": "github"
      },
      "original": {
        "owner": "jeslie0",
        "repo": "mkSpagoDerivation",
        "type": "github"
      }
    },
    "nixpkgs": {
      "locked": {
        "lastModified": 1746232882,
        "narHash": "sha256-MHmBH2rS8KkRRdoU/feC/dKbdlMkcNkB5mwkuipVHeQ=",
        "owner": "nixos",
        "repo": "nixpkgs",
        "rev": "7a2622e2c0dbad5c4493cb268aba12896e28b008",
        "type": "github"
      },
      "original": {
        "owner": "nixos",
        "ref": "nixos-unstable",
        "repo": "nixpkgs",
        "type": "github"
      }
    },
    "nixpkgs_2": {
      "locked": {
        "lastModified": 1702882221,
        "narHash": "sha256-L/uOrBqkGsa45EvQk4DLq/aR6JeomW+7Mwe0mC/dVUM=",
        "owner": "nixos",
        "repo": "nixpkgs",
        "rev": "25fef6e30d8ad48f47a8411ccfe986d8baed8a15",
        "type": "github"
      },
      "original": {
        "owner": "nixos",
        "ref": "release-23.05",
        "repo": "nixpkgs",
        "type": "github"
      }
    },
    "nixpkgs_3": {
      "locked": {
        "lastModified": 1745870676,
        "narHash": "sha256-IpldIaWrlasZZlKHPxitkrJ1ex4EVphuWYXVDdF5kf4=",
        "owner": "nixos",
        "repo": "nixpkgs",
        "rev": "fdb6c240562c5ad516253419cc6f26819705d3e0",
        "type": "github"
      },
      "original": {
        "owner": "nixos",
        "ref": "nixpkgs-unstable",
        "repo": "nixpkgs",
        "type": "github"
      }
    },
    "nixpkgs_4": {
      "locked": {
        "lastModified": 1702882221,
        "narHash": "sha256-L/uOrBqkGsa45EvQk4DLq/aR6JeomW+7Mwe0mC/dVUM=",
        "owner": "nixos",
        "repo": "nixpkgs",
        "rev": "25fef6e30d8ad48f47a8411ccfe986d8baed8a15",
        "type": "github"
      },
      "original": {
        "owner": "nixos",
        "ref": "release-23.05",
        "repo": "nixpkgs",
        "type": "github"
      }
    },
    "ps-overlay": {
      "inputs": {
        "flake-compat": "flake-compat",
        "nixpkgs": "nixpkgs_2",
        "slimlock": "slimlock"
      },
      "locked": {
        "lastModified": 1746273929,
        "narHash": "sha256-TnP+vXbxl+kZhiLwaYupnNxPlyHxLQwCmMJ8WeRXOjU=",
        "owner": "thomashoneyman",
        "repo": "purescript-overlay",
        "rev": "78fe95d53d1b1e34f0d87a485f6f3add58c2aad0",
        "type": "github"
      },
      "original": {
        "owner": "thomashoneyman",
        "repo": "purescript-overlay",
        "type": "github"
      }
    },
    "ps-overlay_2": {
      "inputs": {
        "flake-compat": "flake-compat_2",
        "nixpkgs": "nixpkgs_4",
        "slimlock": "slimlock_2"
      },
      "locked": {
        "lastModified": 1739795788,
        "narHash": "sha256-PG4lO49fvWHpQoCN3mIGflisXF+5vEf91ceV9hsWTLU=",
        "owner": "thomashoneyman",
        "repo": "purescript-overlay",
        "rev": "f754c2ef94cef46e5d5223c25d3f361e1f6cb509",
        "type": "github"
      },
      "original": {
        "owner": "thomashoneyman",
        "repo": "purescript-overlay",
        "type": "github"
      }
    },
    "registry": {
      "flake": false,
      "locked": {
        "lastModified": 1746257622,
        "narHash": "sha256-Os0ecHSZzk0RQq1opR2vd281UyQCMz/656hvPQVZa5I=",
        "owner": "purescript",
        "repo": "registry",
        "rev": "9ff79626f5f8fd0683eac1df88fa3db06a431cfc",
        "type": "github"
      },
      "original": {
        "owner": "purescript",
        "repo": "registry",
        "type": "github"
      }
    },
    "registry-index": {
      "flake": false,
      "locked": {
        "lastModified": 1746218356,
        "narHash": "sha256-k63BGWTrvTwm/FQFWryF7njIMygUQhWd/mX5MTajcRM=",
        "owner": "purescript",
        "repo": "registry-index",
        "rev": "7f5f92f20ac6f208b42e327e261bc1c852411158",
        "type": "github"
      },
      "original": {
        "owner": "purescript",
        "repo": "registry-index",
        "type": "github"
      }
    },
    "root": {
      "inputs": {
        "flake-utils": "flake-utils",
        "mkSpagoDerivation": "mkSpagoDerivation",
        "nixpkgs": "nixpkgs_3",
        "ps-overlay": "ps-overlay_2",
        "slimlock": "slimlock_3"
      }
    },
    "slimlock": {
      "inputs": {
        "nixpkgs": [
          "mkSpagoDerivation",
          "ps-overlay",
          "nixpkgs"
        ]
      },
      "locked": {
        "lastModified": 1688756706,
        "narHash": "sha256-xzkkMv3neJJJ89zo3o2ojp7nFeaZc2G0fYwNXNJRFlo=",
        "owner": "thomashoneyman",
        "repo": "slimlock",
        "rev": "cf72723f59e2340d24881fd7bf61cb113b4c407c",
        "type": "github"
      },
      "original": {
        "owner": "thomashoneyman",
        "repo": "slimlock",
        "type": "github"
      }
    },
    "slimlock_2": {
      "inputs": {
        "nixpkgs": [
          "ps-overlay",
          "nixpkgs"
        ]
      },
      "locked": {
        "lastModified": 1688756706,
        "narHash": "sha256-xzkkMv3neJJJ89zo3o2ojp7nFeaZc2G0fYwNXNJRFlo=",
        "owner": "thomashoneyman",
        "repo": "slimlock",
        "rev": "cf72723f59e2340d24881fd7bf61cb113b4c407c",
        "type": "github"
      },
      "original": {
        "owner": "thomashoneyman",
        "repo": "slimlock",
        "type": "github"
      }
    },
    "slimlock_3": {
      "inputs": {
        "nixpkgs": [
          "nixpkgs"
        ]
      },
      "locked": {
        "lastModified": 1705950978,
        "narHash": "sha256-N1/dGu/TaDeHy2emnb9gN2UJJnEuhZ4D3qUuWr2+534=",
        "owner": "thomashoneyman",
        "repo": "slimlock",
        "rev": "4c8d8f5e471065778957a60ba96913fad8dc1e79",
        "type": "github"
      },
      "original": {
        "owner": "thomashoneyman",
        "repo": "slimlock",
        "type": "github"
      }
    },
    "systems": {
      "locked": {
        "lastModified": 1681028828,
        "narHash": "sha256-Vy1rq5AaRuLzOxct8nz4T6wlgyUR7zLU309k9mBC768=",
        "owner": "nix-systems",
        "repo": "default",
        "rev": "da67096a3b9bf56a91d16901293e51ba5b49a27e",
        "type": "github"
      },
      "original": {
        "owner": "nix-systems",
        "repo": "default",
        "type": "github"
      }
    }
  },
  "root": "root",
  "version": 7
}
